{
  "name": "bun_react_19",
  "lockfileVersion": 3,
  "requires": true,
  "packages": {
    "": {
      "dependencies": {
        "bun": "^1.2.12"
      }
    },
    "node_modules/@oven/bun-darwin-aarch64": {
      "version": "1.2.12",
      "resolved": "https://registry.npmjs.org/@oven/bun-darwin-aarch64/-/bun-darwin-aarch64-1.2.12.tgz",
      "integrity": "sha512-4xH3AwitT21tOeUdxwz5vLei0FYP2rh65OHMTxgrZzH6+DiLAryQpOAJv41yOH8cWKmOclQWD7B8rCbKFiPekg==",
      "cpu": [
        "arm64"
      ],
      "license": "MIT",
      "optional": true,
      "os": [
        "darwin"
      ]
    },
    "node_modules/@oven/bun-darwin-x64": {
      "version": "1.2.12",
      "resolved": "https://registry.npmjs.org/@oven/bun-darwin-x64/-/bun-darwin-x64-1.2.12.tgz",
      "integrity": "sha512-L3s33xv/e4DnF23oD2mNhmb7CpHA/uTSX4h1WbkhamTv1gJkUV2N+irZ18QB5iKOCt1q2u5ED1zpoPE2dthLzA==",
      "cpu": [
        "x64"
      ],
      "license": "MIT",
      "optional": true,
      "os": [
        "darwin"
      ]
    },
    "node_modules/@oven/bun-darwin-x64-baseline": {
      "version": "1.2.12",
      "resolved": "https://registry.npmjs.org/@oven/bun-darwin-x64-baseline/-/bun-darwin-x64-baseline-1.2.12.tgz",
      "integrity": "sha512-n3uCYO2MIWrRvczAYvPvtqmxzAPvBatP9E9z8e//CqgyTUr0DabNI07p+5S3433hC38hIgLtY2DsKTkfuM5eCQ==",
      "cpu": [
        "x64"
      ],
      "license": "MIT",
      "optional": true,
      "os": [
        "darwin"
      ]
    },
    "node_modules/@oven/bun-linux-aarch64": {
      "version": "1.2.12",
      "resolved": "https://registry.npmjs.org/@oven/bun-linux-aarch64/-/bun-linux-aarch64-1.2.12.tgz",
      "integrity": "sha512-uz6fBRrUkG7puT0snGeG476B9Cqrqc3pjFTAls0yMlFWSbCJpQfSO77jp3TklMOvEPreA0yG/8c3t9OKImAkxw==",
      "cpu": [
        "arm64"
      ],
      "license": "MIT",
      "optional": true,
      "os": [
        "linux"
      ]
    },
    "node_modules/@oven/bun-linux-aarch64-musl": {
      "version": "1.2.12",
      "resolved": "https://registry.npmjs.org/@oven/bun-linux-aarch64-musl/-/bun-linux-aarch64-musl-1.2.12.tgz",
      "integrity": "sha512-31ySDZXHgGxcMoxWSIupWhSug/Ddjwtfg8iTf9lEI2jymj1zaMPCt2jPLriw5/V5gDtuTWW1E29PlrLIiCxoCA==",
      "cpu": [
        "aarch64"
      ],
      "license": "MIT",
      "optional": true,
      "os": [
        "linux"
      ]
    },
    "node_modules/@oven/bun-linux-x64": {
      "version": "1.2.12",
      "resolved": "https://registry.npmjs.org/@oven/bun-linux-x64/-/bun-linux-x64-1.2.12.tgz",
      "integrity": "sha512-gNjguT4fuekF1i0/OuDd+7FcjHkv2qE0xBTwZMmXOzFOADPRo5zLB4LIcwfKpiZT+jZlZNdVOao05ebdEadbIw==",
      "cpu": [
        "x64"
      ],
      "license": "MIT",
      "optional": true,
      "os": [
        "linux"
      ]
    },
    "node_modules/@oven/bun-linux-x64-baseline": {
      "version": "1.2.12",
      "resolved": "https://registry.npmjs.org/@oven/bun-linux-x64-baseline/-/bun-linux-x64-baseline-1.2.12.tgz",
      "integrity": "sha512-JOX0GhMfoNADCxe2rlvXOsu05VmGis0vqghELN91vuWHAUt/8RQ1CvIJ47DlrQuKbxpYs1SjV4J+bwbte/RUAA==",
      "cpu": [
        "x64"
      ],
      "license": "MIT",
      "optional": true,
      "os": [
        "linux"
      ]
    },
    "node_modules/@oven/bun-linux-x64-musl": {
      "version": "1.2.12",
      "resolved": "https://registry.npmjs.org/@oven/bun-linux-x64-musl/-/bun-linux-x64-musl-1.2.12.tgz",
      "integrity": "sha512-8lSQ71mYx1WLzAvAHFaJwzWamdfcaWaqJemuIX0/5Njy36ieqo05gSc6k7c9gaZEb9aFK0bQ4S/f3enthO5HJQ==",
      "cpu": [
        "x64"
      ],
      "license": "MIT",
      "optional": true,
      "os": [
        "linux"
      ]
    },
    "node_modules/@oven/bun-linux-x64-musl-baseline": {
      "version": "1.2.12",
      "resolved": "https://registry.npmjs.org/@oven/bun-linux-x64-musl-baseline/-/bun-linux-x64-musl-baseline-1.2.12.tgz",
      "integrity": "sha512-6Gb8szm3mOLcHNUmuBbvDAqb7weqpsMJa/3cAkdWYa+svx5X1j3r7fXpzc0oSVKKqnlg9lIf69lza4iuJjVQfg==",
      "cpu": [
        "x64"
      ],
      "license": "MIT",
      "optional": true,
      "os": [
        "linux"
      ]
    },
    "node_modules/@oven/bun-windows-x64": {
      "version": "1.2.12",
      "resolved": "https://registry.npmjs.org/@oven/bun-windows-x64/-/bun-windows-x64-1.2.12.tgz",
      "integrity": "sha512-tyfHFOxBoBgIJmx9rAcSykmLKcLJOTg5eAbyz0jbZHm85ClLLNynBi+rp1pmEMm8wPxmMzdjNhc6XFSUoA4/pg==",
      "cpu": [
        "x64"
      ],
      "license": "MIT",
      "optional": true,
      "os": [
        "win32"
      ]
    },
    "node_modules/@oven/bun-windows-x64-baseline": {
      "version": "1.2.12",
      "resolved": "https://registry.npmjs.org/@oven/bun-windows-x64-baseline/-/bun-windows-x64-baseline-1.2.12.tgz",
      "integrity": "sha512-8wwIRhQPibE9nGhZdy8MW8ueCCs/VLtJjDtV3bIZNl82SfXbVyObxQkYm6BjItKid2OTb5eLMcKc0kbd3fAPLw==",
      "cpu": [
        "x64"
      ],
      "license": "MIT",
      "optional": true,
      "os": [
        "win32"
      ]
    },
    "node_modules/bun": {
      "version": "1.2.12",
      "resolved": "https://registry.npmjs.org/bun/-/bun-1.2.12.tgz",
      "integrity": "sha512-66kW1iPrYLEC3MEsmYJhcPdNwMrT6V+l0cwcI9wl1jt4a8lhBhomgM16jYnSDzBros2C/8oJ/aZY8Y9HUvLLTA==",
      "cpu": [
        "arm64",
        "x64",
        "aarch64"
      ],
      "hasInstallScript": true,
      "license": "MIT",
      "os": [
        "darwin",
        "linux",
        "win32"
      ],
      "bin": {
        "bun": "bin/bun.exe",
        "bunx": "bin/bun.exe"
      },
      "optionalDependencies": {
        "@oven/bun-darwin-aarch64": "1.2.12",
        "@oven/bun-darwin-x64": "1.2.12",
        "@oven/bun-darwin-x64-baseline": "1.2.12",
        "@oven/bun-linux-aarch64": "1.2.12",
        "@oven/bun-linux-aarch64-musl": "1.2.12",
        "@oven/bun-linux-x64": "1.2.12",
        "@oven/bun-linux-x64-baseline": "1.2.12",
        "@oven/bun-linux-x64-musl": "1.2.12",
        "@oven/bun-linux-x64-musl-baseline": "1.2.12",
        "@oven/bun-windows-x64": "1.2.12",
        "@oven/bun-windows-x64-baseline": "1.2.12"
      }
    }
  }
}
